{
  "name": "snescontroller",
  "lockfileVersion": 3,
  "requires": true,
  "packages": {
    "": {
      "dependencies": {
        "joypad.js": "^2.3.5"
      }
    },
    "node_modules/joypad.js": {
      "version": "2.3.5",
      "resolved": "https://registry.npmjs.org/joypad.js/-/joypad.js-2.3.5.tgz",
      "integrity": "sha512-gT1kylAeMSryQWOo7vDql5mvUGi95hgjNUu/YeKvQu3t5bOkHVqrybskOuldct0EmDRsq2MMUU4wHRs34rZ/Kw=="
    }
  }
}
