{
  "name": "new",
  "lockfileVersion": 3,
  "requires": true,
  "packages": {
    "": {
      "dependencies": {
        "@hkaspy/joystick-linux": "^1.2.0"
      }
    },
    "node_modules/@hkaspy/joystick-linux": {
      "version": "1.2.0",
      "resolved": "https://registry.npmjs.org/@hkaspy/joystick-linux/-/joystick-linux-1.2.0.tgz",
      "integrity": "sha512-K7g+yfHMCRQmfJIfFZC3hFjVz9SqWx7LJHg05YBIzE98O6vdv6hVQ9PIvHBpepR+0DGYKdiLVQj/whn2qJpl8A=="
    }
  }
}
